
Microsoft Visual Studio Solution File, Format Version 12.00
Project("{2150E333-8FDC-42A3-9474-1A3956D46DE8}") = "1 - Presentation", "1 - Presentation", "{EDF0C531-7683-445D-AF72-763E3327FDCF}"
EndProject
Project("{2150E333-8FDC-42A3-9474-1A3956D46DE8}") = "2 - Domain", "2 - Domain", "{7830581B-9AD3-439F-AB74-C6707806CB96}"
EndProject
Project("{2150E333-8FDC-42A3-9474-1A3956D46DE8}") = "3 - Infrastructure", "3 - Infrastructure", "{1D445C1F-721B-4EB6-94A5-4D9F1F6D6D6D}"
EndProject
Project("{FAE04EC0-301F-11D3-BF4B-00C04F79EFBC}") = "ApiAgenda.Domain", "ApiAgenda.Domain\ApiAgenda.Domain.csproj", "{D7F03D20-5194-4B1A-B0FD-55CB60BABEB7}"
EndProject
Project("{FAE04EC0-301F-11D3-BF4B-00C04F79EFBC}") = "ApiAgenda.Data", "ApiAgenda.Data\ApiAgenda.Data.csproj", "{7976ADA6-0850-4966-A951-438E9E308F8F}"
EndProject
Project("{FAE04EC0-301F-11D3-BF4B-00C04F79EFBC}") = "ApiAgenda.CrossCutting", "ApiAgenda.CrossCutting\ApiAgenda.CrossCutting.csproj", "{9F56EA4A-1859-4278-AA69-433876321ED6}"
EndProject
Project("{2150E333-8FDC-42A3-9474-1A3956D46DE8}") = "3.1 - Data", "3.1 - Data", "{A4173757-5495-4D80-A5AC-014DDA7BF052}"
EndProject
Project("{2150E333-8FDC-42A3-9474-1A3956D46DE8}") = "3.2 - CrossCutting", "3.2 - CrossCutting", "{3D5324AB-3B51-4CF6-AEC6-FEB053C898E7}"
EndProject
Project("{FAE04EC0-301F-11D3-BF4B-00C04F79EFBC}") = "ApiAgenda.Api", "ApiAgenda.Api\ApiAgenda.Api.csproj", "{92428AC4-5115-4ECF-9E0B-4CCB8D331993}"
EndProject
Project("{2150E333-8FDC-42A3-9474-1A3956D46DE8}") = "4 - Tests", "4 - Tests", "{E6CB2978-C2E3-476E-AF90-CF67C13D9699}"
EndProject
Project("{2150E333-8FDC-42A3-9474-1A3956D46DE8}") = "4.1 - Unit Tests", "4.1 - Unit Tests", "{FE1616A5-D582-4EAE-8EEF-1E2099D9FB4A}"
EndProject
Project("{FAE04EC0-301F-11D3-BF4B-00C04F79EFBC}") = "ApiAgenda.Domain.Tests", "ApiAgenda.Domain.Tests\ApiAgenda.Domain.Tests.csproj", "{ECD827BD-4981-460B-AD1C-06AD8D366EB0}"
EndProject
Project("{2150E333-8FDC-42A3-9474-1A3956D46DE8}") = "4.2 - Integration Tests", "4.2 - Integration Tests", "{A67DD98C-B7A8-4F72-8E16-D02A9A7D0822}"
EndProject
Project("{FAE04EC0-301F-11D3-BF4B-00C04F79EFBC}") = "ApiAgenda.Data.Tests", "ApiAgenda.Data.Tests\ApiAgenda.Data.Tests.csproj", "{0602561A-EF84-4723-9538-DE18DADF7468}"
EndProject
Global
	GlobalSection(SolutionConfigurationPlatforms) = preSolution
		Debug|Any CPU = Debug|Any CPU
		Release|Any CPU = Release|Any CPU
	EndGlobalSection
	GlobalSection(NestedProjects) = preSolution
		{D7F03D20-5194-4B1A-B0FD-55CB60BABEB7} = {7830581B-9AD3-439F-AB74-C6707806CB96}
		{A4173757-5495-4D80-A5AC-014DDA7BF052} = {1D445C1F-721B-4EB6-94A5-4D9F1F6D6D6D}
		{7976ADA6-0850-4966-A951-438E9E308F8F} = {A4173757-5495-4D80-A5AC-014DDA7BF052}
		{3D5324AB-3B51-4CF6-AEC6-FEB053C898E7} = {1D445C1F-721B-4EB6-94A5-4D9F1F6D6D6D}
		{9F56EA4A-1859-4278-AA69-433876321ED6} = {3D5324AB-3B51-4CF6-AEC6-FEB053C898E7}
		{92428AC4-5115-4ECF-9E0B-4CCB8D331993} = {EDF0C531-7683-445D-AF72-763E3327FDCF}
		{FE1616A5-D582-4EAE-8EEF-1E2099D9FB4A} = {E6CB2978-C2E3-476E-AF90-CF67C13D9699}
		{ECD827BD-4981-460B-AD1C-06AD8D366EB0} = {FE1616A5-D582-4EAE-8EEF-1E2099D9FB4A}
		{A67DD98C-B7A8-4F72-8E16-D02A9A7D0822} = {E6CB2978-C2E3-476E-AF90-CF67C13D9699}
		{0602561A-EF84-4723-9538-DE18DADF7468} = {A67DD98C-B7A8-4F72-8E16-D02A9A7D0822}
	EndGlobalSection
	GlobalSection(ProjectConfigurationPlatforms) = postSolution
		{D7F03D20-5194-4B1A-B0FD-55CB60BABEB7}.Debug|Any CPU.ActiveCfg = Debug|Any CPU
		{D7F03D20-5194-4B1A-B0FD-55CB60BABEB7}.Debug|Any CPU.Build.0 = Debug|Any CPU
		{D7F03D20-5194-4B1A-B0FD-55CB60BABEB7}.Release|Any CPU.ActiveCfg = Release|Any CPU
		{D7F03D20-5194-4B1A-B0FD-55CB60BABEB7}.Release|Any CPU.Build.0 = Release|Any CPU
		{7976ADA6-0850-4966-A951-438E9E308F8F}.Debug|Any CPU.ActiveCfg = Debug|Any CPU
		{7976ADA6-0850-4966-A951-438E9E308F8F}.Debug|Any CPU.Build.0 = Debug|Any CPU
		{7976ADA6-0850-4966-A951-438E9E308F8F}.Release|Any CPU.ActiveCfg = Release|Any CPU
		{7976ADA6-0850-4966-A951-438E9E308F8F}.Release|Any CPU.Build.0 = Release|Any CPU
		{9F56EA4A-1859-4278-AA69-433876321ED6}.Debug|Any CPU.ActiveCfg = Debug|Any CPU
		{9F56EA4A-1859-4278-AA69-433876321ED6}.Debug|Any CPU.Build.0 = Debug|Any CPU
		{9F56EA4A-1859-4278-AA69-433876321ED6}.Release|Any CPU.ActiveCfg = Release|Any CPU
		{9F56EA4A-1859-4278-AA69-433876321ED6}.Release|Any CPU.Build.0 = Release|Any CPU
		{92428AC4-5115-4ECF-9E0B-4CCB8D331993}.Debug|Any CPU.ActiveCfg = Debug|Any CPU
		{92428AC4-5115-4ECF-9E0B-4CCB8D331993}.Debug|Any CPU.Build.0 = Debug|Any CPU
		{92428AC4-5115-4ECF-9E0B-4CCB8D331993}.Release|Any CPU.ActiveCfg = Release|Any CPU
		{92428AC4-5115-4ECF-9E0B-4CCB8D331993}.Release|Any CPU.Build.0 = Release|Any CPU
		{ECD827BD-4981-460B-AD1C-06AD8D366EB0}.Debug|Any CPU.ActiveCfg = Debug|Any CPU
		{ECD827BD-4981-460B-AD1C-06AD8D366EB0}.Debug|Any CPU.Build.0 = Debug|Any CPU
		{ECD827BD-4981-460B-AD1C-06AD8D366EB0}.Release|Any CPU.ActiveCfg = Release|Any CPU
		{ECD827BD-4981-460B-AD1C-06AD8D366EB0}.Release|Any CPU.Build.0 = Release|Any CPU
		{0602561A-EF84-4723-9538-DE18DADF7468}.Debug|Any CPU.ActiveCfg = Debug|Any CPU
		{0602561A-EF84-4723-9538-DE18DADF7468}.Debug|Any CPU.Build.0 = Debug|Any CPU
		{0602561A-EF84-4723-9538-DE18DADF7468}.Release|Any CPU.ActiveCfg = Release|Any CPU
		{0602561A-EF84-4723-9538-DE18DADF7468}.Release|Any CPU.Build.0 = Release|Any CPU
	EndGlobalSection
EndGlobal
